
Microsoft Visual Studio Solution File, Format Version 12.00
# Visual Studio Version 17
VisualStudioVersion = 17.5.33516.290
MinimumVisualStudioVersion = 10.0.40219.1
Project("{FAE04EC0-301F-11D3-BF4B-00C04F79EFBC}") = "TestAppPariHard", "TestAppPariHard\TestAppPariHard.csproj", "{CEACE295-9D3E-4D50-AA1C-436BE306A877}"
EndProject
Global
	GlobalSection(SolutionConfigurationPlatforms) = preSolution
		Debug|Any CPU = Debug|Any CPU
		Release|Any CPU = Release|Any CPU
	EndGlobalSection
	GlobalSection(ProjectConfigurationPlatforms) = postSolution
		{CEACE295-9D3E-4D50-AA1C-436BE306A877}.Debug|Any CPU.ActiveCfg = Debug|Any CPU
		{CEACE295-9D3E-4D50-AA1C-436BE306A877}.Debug|Any CPU.Build.0 = Debug|Any CPU
		{CEACE295-9D3E-4D50-AA1C-436BE306A877}.Release|Any CPU.ActiveCfg = Release|Any CPU
		{CEACE295-9D3E-4D50-AA1C-436BE306A877}.Release|Any CPU.Build.0 = Release|Any CPU
	EndGlobalSection
	GlobalSection(SolutionProperties) = preSolution
		HideSolutionNode = FALSE
	EndGlobalSection
	GlobalSection(ExtensibilityGlobals) = postSolution
		SolutionGuid = {B73D82BC-7A71-436D-8682-CDE62501F18A}
	EndGlobalSection
EndGlobal
